<?xml version="1.0" encoding="utf-8"?>
<Project ToolsVersion="4.0" xmlns="http://schemas.microsoft.com/developer/msbuild/2003">
  <ItemGroup>
    <Filter Include="system">
      <UniqueIdentifier>{22dd8095-74f9-46df-81a1-36675a040b1f}</UniqueIdentifier>
    </Filter>
    <Filter Include="Scene">
      <UniqueIdentifier>{67df9a80-1726-4250-b4df-3a1799752a7b}</UniqueIdentifier>
    </Filter>
    <Filter Include="Player">
      <UniqueIdentifier>{400b295e-390c-4d68-9440-a01f74dea4d2}</UniqueIdentifier>
    </Filter>
  </ItemGroup>
  <ItemGroup>
    <ClCompile Include="stdafx.cpp" />
    <ClCompile Include="main.cpp" />
    <ClCompile Include="system\system.cpp">
      <Filter>system</Filter>
    </ClCompile>
    <ClCompile Include="Player\GameCamera.cpp">
      <Filter>Player</Filter>
    </ClCompile>
    <ClCompile Include="Player\Player.cpp">
      <Filter>Player</Filter>
    </ClCompile>
    <ClCompile Include="Game.cpp">
      <Filter>Scene</Filter>
    </ClCompile>
    <ClCompile Include="Scene\Fade.cpp">
      <Filter>Scene</Filter>
    </ClCompile>
    <ClCompile Include="Player\PortalGun.cpp">
      <Filter>Player</Filter>
    </ClCompile>
    <ClCompile Include="Scene\Title.cpp">
      <Filter>Scene</Filter>
    </ClCompile>
    <ClCompile Include="Scene\Setting.cpp">
      <Filter>Scene</Filter>
    </ClCompile>
  </ItemGroup>
  <ItemGroup>
    <ClInclude Include="stdafx.h" />
    <ClInclude Include="system\system.h">
      <Filter>system</Filter>
    </ClInclude>
    <ClInclude Include="Scene\Game.h">
      <Filter>Scene</Filter>
    </ClInclude>
    <ClInclude Include="Player\GameCamera.h">
      <Filter>Player</Filter>
    </ClInclude>
    <ClInclude Include="Player\Player.h">
      <Filter>Player</Filter>
    </ClInclude>
    <ClInclude Include="Scene\Fade.h">
      <Filter>Scene</Filter>
    </ClInclude>
    <ClInclude Include="Player\PortalGun.h">
      <Filter>Player</Filter>
    </ClInclude>
    <ClInclude Include="Scene\Title.h">
      <Filter>Scene</Filter>
    </ClInclude>
    <ClInclude Include="Scene\Setting.h">
      <Filter>Scene</Filter>
    </ClInclude>
  </ItemGroup>
</Project>