<?xml version="1.0" encoding="utf-8"?>
<Project ToolsVersion="4.0" xmlns="http://schemas.microsoft.com/developer/msbuild/2003">
  <ItemGroup>
    <ClInclude Include="PortalEngine.h" />
    <ClInclude Include="PortalEnginePreCompile.h" />
    <ClInclude Include="graphics\RenderingEngine.h">
      <Filter>graphics</Filter>
    </ClInclude>
    <ClInclude Include="graphics\IRenderer.h">
      <Filter>graphics</Filter>
    </ClInclude>
    <ClInclude Include="graphics\ModelRender.h">
      <Filter>graphics</Filter>
    </ClInclude>
    <ClInclude Include="graphics\SpriteRender.h">
      <Filter>graphics</Filter>
    </ClInclude>
    <ClInclude Include="graphics\FontRender.h">
      <Filter>graphics</Filter>
    </ClInclude>
    <ClInclude Include="graphics\light\DirectionalLight.h">
      <Filter>graphics\light</Filter>
    </ClInclude>
    <ClInclude Include="graphics\light\SpotLight.h">
      <Filter>graphics\light</Filter>
    </ClInclude>
    <ClInclude Include="graphics\light\PointLight.h">
      <Filter>graphics\light</Filter>
    </ClInclude>
    <ClInclude Include="LevelRender\Level2DRender.h">
      <Filter>LevelRender</Filter>
    </ClInclude>
    <ClInclude Include="LevelRender\Level3DRender.h">
      <Filter>LevelRender</Filter>
    </ClInclude>
    <ClInclude Include="PostEffect\PostEffect.h">
      <Filter>graphics\PostEffect</Filter>
    </ClInclude>
    <ClInclude Include="PostEffect\Bloom.h">
      <Filter>graphics\PostEffect</Filter>
    </ClInclude>
    <ClInclude Include="collision\CollisionObject.h">
      <Filter>collision</Filter>
    </ClInclude>
    <ClInclude Include="PostEffect\DoF.h">
      <Filter>graphics\PostEffect</Filter>
    </ClInclude>
    <ClInclude Include="PostEffect\PostEffectComponentBase.h">
      <Filter>graphics\PostEffect</Filter>
    </ClInclude>
  </ItemGroup>
  <ItemGroup>
    <ClCompile Include="PortalEngine.cpp" />
    <ClCompile Include="PortalEnginePreCompile.cpp" />
    <ClCompile Include="graphics\RenderingEngine.cpp">
      <Filter>graphics</Filter>
    </ClCompile>
    <ClCompile Include="graphics\light\DirectionalLight.cpp">
      <Filter>graphics\light</Filter>
    </ClCompile>
    <ClCompile Include="graphics\FontRender.cpp">
      <Filter>graphics</Filter>
    </ClCompile>
    <ClCompile Include="graphics\ModelRender.cpp">
      <Filter>graphics</Filter>
    </ClCompile>
    <ClCompile Include="graphics\light\PointLight.cpp">
      <Filter>graphics\light</Filter>
    </ClCompile>
    <ClCompile Include="graphics\light\SpotLight.cpp">
      <Filter>graphics\light</Filter>
    </ClCompile>
    <ClCompile Include="LevelRender\Level2DRender.cpp">
      <Filter>LevelRender</Filter>
    </ClCompile>
    <ClCompile Include="LevelRender\Level3DRender.cpp">
      <Filter>LevelRender</Filter>
    </ClCompile>
    <ClCompile Include="PostEffect\PostEffect.cpp">
      <Filter>graphics\PostEffect</Filter>
    </ClCompile>
    <ClCompile Include="PostEffect\Bloom.cpp">
      <Filter>graphics\PostEffect</Filter>
    </ClCompile>
    <ClCompile Include="collision\CollisionObject.cpp">
      <Filter>collision</Filter>
    </ClCompile>
    <ClCompile Include="PostEffect\DoF.cpp">
      <Filter>graphics\PostEffect</Filter>
    </ClCompile>
    <ClCompile Include="graphics\SpriteRender.cpp">
      <Filter>graphics</Filter>
    </ClCompile>
    <ClCompile Include="PostEffect\PostEffectComponentBase.cpp">
      <Filter>graphics\PostEffect</Filter>
    </ClCompile>
  </ItemGroup>
  <ItemGroup>
    <Filter Include="graphics">
      <UniqueIdentifier>{b4d20d91-5758-40eb-a349-73520a42c795}</UniqueIdentifier>
    </Filter>
    <Filter Include="graphics\light">
      <UniqueIdentifier>{33073f46-d3cc-4cd0-b29e-5cd9ac1a0539}</UniqueIdentifier>
    </Filter>
    <Filter Include="LevelRender">
      <UniqueIdentifier>{1ca18342-aba1-4713-9c94-b268ff0fb42e}</UniqueIdentifier>
    </Filter>
    <Filter Include="collision">
      <UniqueIdentifier>{2a114e49-26d5-4f53-96ca-ade5823656a3}</UniqueIdentifier>
    </Filter>
    <Filter Include="graphics\PostEffect">
      <UniqueIdentifier>{a80f704f-4ef5-4f98-bde8-2dcf4d5765f9}</UniqueIdentifier>
    </Filter>
  </ItemGroup>
</Project>